
Microsoft Visual Studio Solution File, Format Version 9.00
# Visual Studio 2005
Project("{FAE04EC0-301F-11D3-BF4B-00C04F79EFBC}") = "JudoKataTournamentDB", "JudoKataTournamentDB\JudoKataTournamentDB.csproj", "{5C2ED3A3-AECE-450E-9390-D6EB875EE218}"
EndProject
Project("{FAE04EC0-301F-11D3-BF4B-00C04F79EFBC}") = "DALHelper", "DataAccessLayer\DALHelper.csproj", "{1C3F3CA3-A3EF-4940-8EAC-5D2A58517093}"
EndProject
Global
	GlobalSection(SubversionScc) = preSolution
		Svn-Managed = True
		Manager = AnkhSVN - Subversion Support for Visual Studio
	EndGlobalSection
	GlobalSection(SolutionConfigurationPlatforms) = preSolution
		Debug|Any CPU = Debug|Any CPU
		Release|Any CPU = Release|Any CPU
	EndGlobalSection
	GlobalSection(ProjectConfigurationPlatforms) = postSolution
		{5C2ED3A3-AECE-450E-9390-D6EB875EE218}.Debug|Any CPU.ActiveCfg = Debug|Any CPU
		{5C2ED3A3-AECE-450E-9390-D6EB875EE218}.Debug|Any CPU.Build.0 = Debug|Any CPU
		{5C2ED3A3-AECE-450E-9390-D6EB875EE218}.Release|Any CPU.ActiveCfg = Release|Any CPU
		{5C2ED3A3-AECE-450E-9390-D6EB875EE218}.Release|Any CPU.Build.0 = Release|Any CPU
		{1C3F3CA3-A3EF-4940-8EAC-5D2A58517093}.Debug|Any CPU.ActiveCfg = Debug|Any CPU
		{1C3F3CA3-A3EF-4940-8EAC-5D2A58517093}.Debug|Any CPU.Build.0 = Debug|Any CPU
		{1C3F3CA3-A3EF-4940-8EAC-5D2A58517093}.Release|Any CPU.ActiveCfg = Release|Any CPU
		{1C3F3CA3-A3EF-4940-8EAC-5D2A58517093}.Release|Any CPU.Build.0 = Release|Any CPU
	EndGlobalSection
	GlobalSection(SolutionProperties) = preSolution
		HideSolutionNode = FALSE
	EndGlobalSection
EndGlobal
